
Microsoft Visual Studio Solution File, Format Version 12.00
Project("{FAE04EC0-301F-11D3-BF4B-00C04F79EFBC}") = "CaseConverter", "CaseConverter\CaseConverter.csproj", "{5AA957CF-7150-4EC1-9750-DCAC5651B5E4}"
EndProject
Project("{FAE04EC0-301F-11D3-BF4B-00C04F79EFBC}") = "CaseConverter.Test", "CaseConverter.Test\CaseConverter.Test.csproj", "{3894C00D-F05C-4582-9A07-7390902DA1C0}"
EndProject
Global
	GlobalSection(SolutionConfigurationPlatforms) = preSolution
		Debug|Any CPU = Debug|Any CPU
		Release|Any CPU = Release|Any CPU
	EndGlobalSection
	GlobalSection(ProjectConfigurationPlatforms) = postSolution
		{5AA957CF-7150-4EC1-9750-DCAC5651B5E4}.Debug|Any CPU.ActiveCfg = Debug|Any CPU
		{5AA957CF-7150-4EC1-9750-DCAC5651B5E4}.Debug|Any CPU.Build.0 = Debug|Any CPU
		{5AA957CF-7150-4EC1-9750-DCAC5651B5E4}.Release|Any CPU.ActiveCfg = Release|Any CPU
		{5AA957CF-7150-4EC1-9750-DCAC5651B5E4}.Release|Any CPU.Build.0 = Release|Any CPU
		{3894C00D-F05C-4582-9A07-7390902DA1C0}.Debug|Any CPU.ActiveCfg = Debug|Any CPU
		{3894C00D-F05C-4582-9A07-7390902DA1C0}.Debug|Any CPU.Build.0 = Debug|Any CPU
		{3894C00D-F05C-4582-9A07-7390902DA1C0}.Release|Any CPU.ActiveCfg = Release|Any CPU
		{3894C00D-F05C-4582-9A07-7390902DA1C0}.Release|Any CPU.Build.0 = Release|Any CPU
	EndGlobalSection
EndGlobal
